
Microsoft Visual Studio Solution File, Format Version 12.00
# Visual Studio Version 17
VisualStudioVersion = 17.9.34728.123
MinimumVisualStudioVersion = 10.0.40219.1
Project("{FAE04EC0-301F-11D3-BF4B-00C04F79EFBC}") = "OnlineShop_ASP_MVC", "OnlineShop_ASP_MVC.csproj", "{A12DF553-63A0-45C3-8CED-58F85DB290C2}"
EndProject
Global
	GlobalSection(SolutionConfigurationPlatforms) = preSolution
		Debug|Any CPU = Debug|Any CPU
		Release|Any CPU = Release|Any CPU
	EndGlobalSection
	GlobalSection(ProjectConfigurationPlatforms) = postSolution
		{A12DF553-63A0-45C3-8CED-58F85DB290C2}.Debug|Any CPU.ActiveCfg = Debug|Any CPU
		{A12DF553-63A0-45C3-8CED-58F85DB290C2}.Debug|Any CPU.Build.0 = Debug|Any CPU
		{A12DF553-63A0-45C3-8CED-58F85DB290C2}.Release|Any CPU.ActiveCfg = Release|Any CPU
		{A12DF553-63A0-45C3-8CED-58F85DB290C2}.Release|Any CPU.Build.0 = Release|Any CPU
	EndGlobalSection
	GlobalSection(SolutionProperties) = preSolution
		HideSolutionNode = FALSE
	EndGlobalSection
	GlobalSection(ExtensibilityGlobals) = postSolution
		SolutionGuid = {8472EDAB-46DA-4B1B-9447-4BA472BD8E21}
	EndGlobalSection
EndGlobal
